
Microsoft Visual Studio Solution File, Format Version 12.00
# Visual Studio 2013
VisualStudioVersion = 12.0.21005.1
MinimumVisualStudioVersion = 10.0.40219.1
Project("{8BC9CEB8-8B4A-11D0-8D11-00A0C91BC942}") = "ipaynowSDK", "newSDK\newSDK.vcxproj", "{19168EC3-4FF2-44E2-8C8E-D84E76C911FF}"
EndProject
Project("{8BC9CEB8-8B4A-11D0-8D11-00A0C91BC942}") = "CallDll", "CallDll\CallDll.vcxproj", "{86F77D31-4A12-431C-9EDB-0F2ECB509B13}"
EndProject
Global
	GlobalSection(SolutionConfigurationPlatforms) = preSolution
		Debug|Win32 = Debug|Win32
		Debug|x64 = Debug|x64
		Release|Win32 = Release|Win32
		Release|x64 = Release|x64
	EndGlobalSection
	GlobalSection(ProjectConfigurationPlatforms) = postSolution
		{19168EC3-4FF2-44E2-8C8E-D84E76C911FF}.Debug|Win32.ActiveCfg = Debug|Win32
		{19168EC3-4FF2-44E2-8C8E-D84E76C911FF}.Debug|Win32.Build.0 = Debug|Win32
		{19168EC3-4FF2-44E2-8C8E-D84E76C911FF}.Debug|x64.ActiveCfg = Debug|x64
		{19168EC3-4FF2-44E2-8C8E-D84E76C911FF}.Debug|x64.Build.0 = Debug|x64
		{19168EC3-4FF2-44E2-8C8E-D84E76C911FF}.Release|Win32.ActiveCfg = Release|Win32
		{19168EC3-4FF2-44E2-8C8E-D84E76C911FF}.Release|Win32.Build.0 = Release|Win32
		{19168EC3-4FF2-44E2-8C8E-D84E76C911FF}.Release|x64.ActiveCfg = Release|x64
		{19168EC3-4FF2-44E2-8C8E-D84E76C911FF}.Release|x64.Build.0 = Release|x64
		{86F77D31-4A12-431C-9EDB-0F2ECB509B13}.Debug|Win32.ActiveCfg = Debug|Win32
		{86F77D31-4A12-431C-9EDB-0F2ECB509B13}.Debug|Win32.Build.0 = Debug|Win32
		{86F77D31-4A12-431C-9EDB-0F2ECB509B13}.Debug|x64.ActiveCfg = Debug|x64
		{86F77D31-4A12-431C-9EDB-0F2ECB509B13}.Debug|x64.Build.0 = Debug|x64
		{86F77D31-4A12-431C-9EDB-0F2ECB509B13}.Release|Win32.ActiveCfg = Release|Win32
		{86F77D31-4A12-431C-9EDB-0F2ECB509B13}.Release|Win32.Build.0 = Release|Win32
		{86F77D31-4A12-431C-9EDB-0F2ECB509B13}.Release|x64.ActiveCfg = Release|x64
		{86F77D31-4A12-431C-9EDB-0F2ECB509B13}.Release|x64.Build.0 = Release|x64
	EndGlobalSection
	GlobalSection(SolutionProperties) = preSolution
		HideSolutionNode = FALSE
	EndGlobalSection
EndGlobal
